
Microsoft Visual Studio Solution File, Format Version 12.00
# Visual Studio 15
Project("{FAE04EC0-301F-11D3-BF4B-00C04F79EFBC}") = "Assembly-CSharp", "Assembly-CSharp.csproj", "{3E9CA3F7-0899-9E6D-77A0-D5D99EE8D37F}"
EndProject
Project("{FAE04EC0-301F-11D3-BF4B-00C04F79EFBC}") = "Assembly-CSharp-Editor", "Assembly-CSharp-Editor.csproj", "{1CA76EC3-1D46-0618-7B87-5263EF5CFF21}"
EndProject
Global
	GlobalSection(SolutionConfigurationPlatforms) = preSolution
		Debug|Any CPU = Debug|Any CPU
		Release|Any CPU = Release|Any CPU
	EndGlobalSection
	GlobalSection(ProjectConfigurationPlatforms) = postSolution
		{3E9CA3F7-0899-9E6D-77A0-D5D99EE8D37F}.Debug|Any CPU.ActiveCfg = Debug|Any CPU
		{3E9CA3F7-0899-9E6D-77A0-D5D99EE8D37F}.Debug|Any CPU.Build.0 = Debug|Any CPU
		{3E9CA3F7-0899-9E6D-77A0-D5D99EE8D37F}.Release|Any CPU.ActiveCfg = Release|Any CPU
		{3E9CA3F7-0899-9E6D-77A0-D5D99EE8D37F}.Release|Any CPU.Build.0 = Release|Any CPU
		{1CA76EC3-1D46-0618-7B87-5263EF5CFF21}.Debug|Any CPU.ActiveCfg = Debug|Any CPU
		{1CA76EC3-1D46-0618-7B87-5263EF5CFF21}.Debug|Any CPU.Build.0 = Debug|Any CPU
		{1CA76EC3-1D46-0618-7B87-5263EF5CFF21}.Release|Any CPU.ActiveCfg = Release|Any CPU
		{1CA76EC3-1D46-0618-7B87-5263EF5CFF21}.Release|Any CPU.Build.0 = Release|Any CPU
	EndGlobalSection
	GlobalSection(SolutionProperties) = preSolution
		HideSolutionNode = FALSE
	EndGlobalSection
EndGlobal
